
Microsoft Visual Studio Solution File, Format Version 12.00
# Visual Studio Version 17
VisualStudioVersion = 17.4.33213.308
MinimumVisualStudioVersion = 10.0.40219.1
Project("{FAE04EC0-301F-11D3-BF4B-00C04F79EFBC}") = "FormApp", "FormApp\FormApp.csproj", "{AA1D3B9A-D0F1-4CC1-8E62-D52FD4BD6FC5}"
EndProject
Global
	GlobalSection(SolutionConfigurationPlatforms) = preSolution
		Debug|Any CPU = Debug|Any CPU
		Release|Any CPU = Release|Any CPU
	EndGlobalSection
	GlobalSection(ProjectConfigurationPlatforms) = postSolution
		{AA1D3B9A-D0F1-4CC1-8E62-D52FD4BD6FC5}.Debug|Any CPU.ActiveCfg = Debug|Any CPU
		{AA1D3B9A-D0F1-4CC1-8E62-D52FD4BD6FC5}.Debug|Any CPU.Build.0 = Debug|Any CPU
		{AA1D3B9A-D0F1-4CC1-8E62-D52FD4BD6FC5}.Release|Any CPU.ActiveCfg = Release|Any CPU
		{AA1D3B9A-D0F1-4CC1-8E62-D52FD4BD6FC5}.Release|Any CPU.Build.0 = Release|Any CPU
	EndGlobalSection
	GlobalSection(SolutionProperties) = preSolution
		HideSolutionNode = FALSE
	EndGlobalSection
	GlobalSection(ExtensibilityGlobals) = postSolution
		SolutionGuid = {861A8974-D80C-435E-9201-9274E70835AA}
	EndGlobalSection
EndGlobal
